
Microsoft Visual Studio Solution File, Format Version 12.00
# Visual Studio Version 17
VisualStudioVersion = 17.10.34916.146
MinimumVisualStudioVersion = 10.0.40219.1
Project("{9A19103F-16F7-4668-BE54-9A1E7A4F7556}") = "Bdziam.UI", "Bdziam.UI\Bdziam.UI.csproj", "{FC8D7D1B-7CFB-4A09-9365-91DE236EA4C4}"
EndProject
Project("{FAE04EC0-301F-11D3-BF4B-00C04F79EFBC}") = "BdziamUIExamples", "BdziamUIExamples\BdziamUIExamples.csproj", "{2005D013-D8AC-4F07-8C8A-D3C6E294A602}"
EndProject
Project("{FAE04EC0-301F-11D3-BF4B-00C04F79EFBC}") = "PSC.Blazor.Components.CodeSnippet", "PSC.Blazor.Components.CodeSnippet\PSC.Blazor.Components.CodeSnippet.csproj", "{4F334EC7-7B3A-47E2-9825-22E889E70ED7}"
EndProject
Global
	GlobalSection(SolutionConfigurationPlatforms) = preSolution
		Debug|Any CPU = Debug|Any CPU
		Release|Any CPU = Release|Any CPU
	EndGlobalSection
	GlobalSection(ProjectConfigurationPlatforms) = postSolution
		{FC8D7D1B-7CFB-4A09-9365-91DE236EA4C4}.Debug|Any CPU.ActiveCfg = Debug|Any CPU
		{FC8D7D1B-7CFB-4A09-9365-91DE236EA4C4}.Debug|Any CPU.Build.0 = Debug|Any CPU
		{FC8D7D1B-7CFB-4A09-9365-91DE236EA4C4}.Release|Any CPU.ActiveCfg = Release|Any CPU
		{FC8D7D1B-7CFB-4A09-9365-91DE236EA4C4}.Release|Any CPU.Build.0 = Release|Any CPU
		{2005D013-D8AC-4F07-8C8A-D3C6E294A602}.Debug|Any CPU.ActiveCfg = Debug|Any CPU
		{2005D013-D8AC-4F07-8C8A-D3C6E294A602}.Debug|Any CPU.Build.0 = Debug|Any CPU
		{2005D013-D8AC-4F07-8C8A-D3C6E294A602}.Release|Any CPU.ActiveCfg = Release|Any CPU
		{2005D013-D8AC-4F07-8C8A-D3C6E294A602}.Release|Any CPU.Build.0 = Release|Any CPU
		{4F334EC7-7B3A-47E2-9825-22E889E70ED7}.Debug|Any CPU.ActiveCfg = Debug|Any CPU
		{4F334EC7-7B3A-47E2-9825-22E889E70ED7}.Debug|Any CPU.Build.0 = Debug|Any CPU
		{4F334EC7-7B3A-47E2-9825-22E889E70ED7}.Release|Any CPU.ActiveCfg = Release|Any CPU
		{4F334EC7-7B3A-47E2-9825-22E889E70ED7}.Release|Any CPU.Build.0 = Release|Any CPU
	EndGlobalSection
	GlobalSection(SolutionProperties) = preSolution
		HideSolutionNode = FALSE
	EndGlobalSection
	GlobalSection(ExtensibilityGlobals) = postSolution
		SolutionGuid = {3FD2F0BD-2AC2-4D98-A02E-DF7F0DEE445E}
	EndGlobalSection
EndGlobal
